{
  "requires": true,
  "lockfileVersion": 1,
  "dependencies": {
    "@types/node": {
      "version": "11.11.0",
      "resolved": "https://registry.npmjs.org/@types/node/-/node-11.11.0.tgz",
      "integrity": "sha512-D5Rt+HXgEywr3RQJcGlZUCTCx1qVbCZpVk3/tOOA6spLNZdGm8BU+zRgdRYDoF1pO3RuXLxADzMrF903JlQXqg=="
    },
    "commander": {
      "version": "2.19.0",
      "resolved": "https://registry.npmjs.org/commander/-/commander-2.19.0.tgz",
      "integrity": "sha512-6tvAOO+D6OENvRAh524Dh9jcfKTYDQAqvqezbCW82xj5X0pSrcpxtvRKHLG0yBY6SD7PSDrJaj+0AiOcKVd1Xg=="
    },
    "get-stdin": {
      "version": "0.1.0",
      "resolved": "https://registry.npmjs.org/get-stdin/-/get-stdin-0.1.0.tgz",
      "integrity": "sha1-WZivJKr8gC0VyCxoVlfuuLENSpE="
    },
    "katex": {
      "version": "0.10.1",
      "resolved": "https://registry.npmjs.org/katex/-/katex-0.10.1.tgz",
      "integrity": "sha512-iZXZ2L8pEP7HXBLAaeWkdLxnoRQ8Fdks8IuIVt01tYb+D8e0em5JYgfe6J48wXsuEr512IRCN5Kvwb9FjZH6kg==",
      "requires": {
        "commander": "^2.19.0"
      }
    },
    "pandoc-filter-promisified": {
      "version": "0.1.0",
      "resolved": "https://registry.npmjs.org/pandoc-filter-promisified/-/pandoc-filter-promisified-0.1.0.tgz",
      "integrity": "sha512-ro4wlfDqmflXfz9Ht+UrZu4jjy29H66XAVIHLt2VwWGhmBcip0lBajBtKDAd7SIrzh2WRGthKFgquDXPQ3HQvQ==",
      "requires": {
        "get-stdin": "~0.1.0"
      }
    }
  }
}
